
Microsoft Visual Studio Solution File, Format Version 12.00
# Visual Studio Version 17
VisualStudioVersion = 17.5.33502.453
MinimumVisualStudioVersion = 10.0.40219.1
Project("{9A19103F-16F7-4668-BE54-9A1E7A4F7556}") = "aspnetcorewebapisqlclient", "aspnetcorewebapisqlclient\aspnetcorewebapisqlclient.csproj", "{AE1A78EA-3E7A-4374-B5D6-ED0576B587E1}"
EndProject
Project("{FAE04EC0-301F-11D3-BF4B-00C04F79EFBC}") = "aspnetcorewebapisqlclientTests", "aspnetcorewebapisqlclientTests\aspnetcorewebapisqlclientTests.csproj", "{81530476-136C-423D-B7CF-08DACFCFE993}"
EndProject
Global
	GlobalSection(SolutionConfigurationPlatforms) = preSolution
		Debug|Any CPU = Debug|Any CPU
		Release|Any CPU = Release|Any CPU
	EndGlobalSection
	GlobalSection(ProjectConfigurationPlatforms) = postSolution
		{AE1A78EA-3E7A-4374-B5D6-ED0576B587E1}.Debug|Any CPU.ActiveCfg = Debug|Any CPU
		{AE1A78EA-3E7A-4374-B5D6-ED0576B587E1}.Debug|Any CPU.Build.0 = Debug|Any CPU
		{AE1A78EA-3E7A-4374-B5D6-ED0576B587E1}.Release|Any CPU.ActiveCfg = Release|Any CPU
		{AE1A78EA-3E7A-4374-B5D6-ED0576B587E1}.Release|Any CPU.Build.0 = Release|Any CPU
		{81530476-136C-423D-B7CF-08DACFCFE993}.Debug|Any CPU.ActiveCfg = Debug|Any CPU
		{81530476-136C-423D-B7CF-08DACFCFE993}.Debug|Any CPU.Build.0 = Debug|Any CPU
		{81530476-136C-423D-B7CF-08DACFCFE993}.Release|Any CPU.ActiveCfg = Release|Any CPU
		{81530476-136C-423D-B7CF-08DACFCFE993}.Release|Any CPU.Build.0 = Release|Any CPU
	EndGlobalSection
	GlobalSection(SolutionProperties) = preSolution
		HideSolutionNode = FALSE
	EndGlobalSection
	GlobalSection(ExtensibilityGlobals) = postSolution
		SolutionGuid = {5488446C-8902-40B9-9725-B8A46217AFC3}
	EndGlobalSection
EndGlobal
